hash: 8e621eb7803c3a0929a1759f65dbf55f0b66e6b63c8410977b0097b17972afc0
updated: 2017-06-13T12:42:28.016959365+07:00
imports:
- name: github.com/gorilla/context
  version: 08b5f424b9271eedf6f9f0ce86cb9396ed337a42
- name: github.com/gorilla/mux
  version: bcd8bc72b08df0f70df986b97f95590779502d31
- name: github.com/tj/go-debug
  version: ff4a55a20a86994118644bbddc6a216da193cc13
- name: gopkg.in/h2non/bimg.v1
  version: 45f8993550e71ee7b8001d40c681c6c9fa822357
testImports: []
